
Microsoft Visual Studio Solution File, Format Version 12.00
# Visual Studio Version 17
VisualStudioVersion = 17.10.34916.146
MinimumVisualStudioVersion = 10.0.40219.1
Project("{FAE04EC0-301F-11D3-BF4B-00C04F79EFBC}") = "SSD_Project1", "SSD_Project1\SSD_Project1.csproj", "{5EA5818E-25A8-4B42-B4B9-AF62747BB762}"
EndProject
Global
	GlobalSection(SolutionConfigurationPlatforms) = preSolution
		Debug|Any CPU = Debug|Any CPU
		Release|Any CPU = Release|Any CPU
	EndGlobalSection
	GlobalSection(ProjectConfigurationPlatforms) = postSolution
		{5EA5818E-25A8-4B42-B4B9-AF62747BB762}.Debug|Any CPU.ActiveCfg = Debug|Any CPU
		{5EA5818E-25A8-4B42-B4B9-AF62747BB762}.Debug|Any CPU.Build.0 = Debug|Any CPU
		{5EA5818E-25A8-4B42-B4B9-AF62747BB762}.Release|Any CPU.ActiveCfg = Release|Any CPU
		{5EA5818E-25A8-4B42-B4B9-AF62747BB762}.Release|Any CPU.Build.0 = Release|Any CPU
	EndGlobalSection
	GlobalSection(SolutionProperties) = preSolution
		HideSolutionNode = FALSE
	EndGlobalSection
	GlobalSection(ExtensibilityGlobals) = postSolution
		SolutionGuid = {EDC20333-5A69-4977-A816-B34F23A63E94}
	EndGlobalSection
EndGlobal
